github.com/inconshreveable/mousetrap v1.1.0/go.mod h1:vpF70FUmC8bwa3OWnCshd2FqLfsEA9PFc4w1p2J65bw=
github.com/mbndr/figlet4go v0.0.0-20190224160619-d6cef5b186ea h1:mQncVDBpKkAecPcH2IMGpKUQYhwowlafQbfkz2QFqkc=
github.com/mbndr/figlet4go v0.0.0-20190224160619-d6cef5b186ea/go.mod h1:QzTGLGoOqLHUBK8/EZ0v4Fa4CdyXmdyRwCHcl0YbeO4=
github.com/spf13/pflag v1.0.5/go.mod h1:McXfInJRrz4CZXVZOBLb0bTZqETkiAhM9Iw0y3An2Bg=
